github.com/future-wd/hugo-imaging-common v0.0.3 h1:EpCKeAC+SXfV/Ci1fvoNBl81eG2iIYUYtHebJf1I2Hc=
github.com/future-wd/hugo-imaging-common v0.0.3/go.mod h1:T+CwESc3sveTg/R4X/2AeQszY52MuqfyNuVV2UmSn+E=
github.com/future-wd/hugo-imaging-common v0.0.4 h1:0nJ/YtiYPE/GX9D3kUfR0/ZKLALyUma/HXwqph3OokM=
github.com/future-wd/hugo-imaging-common v0.0.4/go.mod h1:T+CwESc3sveTg/R4X/2AeQszY52MuqfyNuVV2UmSn+E=
